{
  "name": "ors-ext-client",
  "requires": true,
  "lockfileVersion": 1,
  "dependencies": {
    "@geoext/openlayers-legacy": {
      "version": "6.5.4",
      "resolved": "https://registry.npmjs.org/@geoext/openlayers-legacy/-/openlayers-legacy-6.5.4.tgz",
      "integrity": "sha512-72wiToTGNyNpaVkRSq8+shu17j26Dn3fzYxTTyem7b1xjjwNvIDZLCpdHNoCxkGRycdBbnfFsDJe/bRLTRtJMA=="
    }
  }
}
